
Microsoft Visual Studio Solution File, Format Version 12.00
# Visual Studio 15
VisualStudioVersion = 15.0.26730.8
MinimumVisualStudioVersion = 10.0.40219.1
Project("{FAE04EC0-301F-11D3-BF4B-00C04F79EFBC}") = "CarsWithIdentity", "CarsWithIdentity\CarsWithIdentity.csproj", "{EF947724-4867-4B35-B09A-79F634A19D60}"
EndProject
Project("{FAE04EC0-301F-11D3-BF4B-00C04F79EFBC}") = "CarsWithIdentity.Models", "CarsWithIdentity.Models\CarsWithIdentity.Models.csproj", "{EA3C2970-660E-4C0B-AA7E-3A11D5DCB35E}"
EndProject
Project("{FAE04EC0-301F-11D3-BF4B-00C04F79EFBC}") = "CarsWithIdentity.Data", "CarsWithIdentity.Data\CarsWithIdentity.Data.csproj", "{C0AA1C78-9256-4766-B718-2581FB5022C3}"
EndProject
Project("{FAE04EC0-301F-11D3-BF4B-00C04F79EFBC}") = "CarsWithIdentity.Tests", "CarsWithIdentity.Tests\CarsWithIdentity.Tests.csproj", "{EE3368EB-C50B-46EF-B797-20A2B9B6A54F}"
EndProject
Global
	GlobalSection(SolutionConfigurationPlatforms) = preSolution
		Debug|Any CPU = Debug|Any CPU
		Release|Any CPU = Release|Any CPU
	EndGlobalSection
	GlobalSection(ProjectConfigurationPlatforms) = postSolution
		{EF947724-4867-4B35-B09A-79F634A19D60}.Debug|Any CPU.ActiveCfg = Debug|Any CPU
		{EF947724-4867-4B35-B09A-79F634A19D60}.Debug|Any CPU.Build.0 = Debug|Any CPU
		{EF947724-4867-4B35-B09A-79F634A19D60}.Release|Any CPU.ActiveCfg = Release|Any CPU
		{EF947724-4867-4B35-B09A-79F634A19D60}.Release|Any CPU.Build.0 = Release|Any CPU
		{EA3C2970-660E-4C0B-AA7E-3A11D5DCB35E}.Debug|Any CPU.ActiveCfg = Debug|Any CPU
		{EA3C2970-660E-4C0B-AA7E-3A11D5DCB35E}.Debug|Any CPU.Build.0 = Debug|Any CPU
		{EA3C2970-660E-4C0B-AA7E-3A11D5DCB35E}.Release|Any CPU.ActiveCfg = Release|Any CPU
		{EA3C2970-660E-4C0B-AA7E-3A11D5DCB35E}.Release|Any CPU.Build.0 = Release|Any CPU
		{C0AA1C78-9256-4766-B718-2581FB5022C3}.Debug|Any CPU.ActiveCfg = Debug|Any CPU
		{C0AA1C78-9256-4766-B718-2581FB5022C3}.Debug|Any CPU.Build.0 = Debug|Any CPU
		{C0AA1C78-9256-4766-B718-2581FB5022C3}.Release|Any CPU.ActiveCfg = Release|Any CPU
		{C0AA1C78-9256-4766-B718-2581FB5022C3}.Release|Any CPU.Build.0 = Release|Any CPU
		{EE3368EB-C50B-46EF-B797-20A2B9B6A54F}.Debug|Any CPU.ActiveCfg = Debug|Any CPU
		{EE3368EB-C50B-46EF-B797-20A2B9B6A54F}.Debug|Any CPU.Build.0 = Debug|Any CPU
		{EE3368EB-C50B-46EF-B797-20A2B9B6A54F}.Release|Any CPU.ActiveCfg = Release|Any CPU
		{EE3368EB-C50B-46EF-B797-20A2B9B6A54F}.Release|Any CPU.Build.0 = Release|Any CPU
	EndGlobalSection
	GlobalSection(SolutionProperties) = preSolution
		HideSolutionNode = FALSE
	EndGlobalSection
	GlobalSection(ExtensibilityGlobals) = postSolution
		SolutionGuid = {C6B62E2E-0844-4CBE-8DC9-32C05B7C0514}
	EndGlobalSection
EndGlobal
